{
  "version": 4,
  "terraform_version": "1.13.2",
  "serial": 54,
  "lineage": "48458f05-b54e-cb30-89d7-8abf5cff9bb7",
  "outputs": {},
  "resources": [
    {
      "mode": "managed",
      "type": "proxmox_vm_qemu",
      "name": "debian",
      "provider": "provider[\"registry.terraform.io/telmate/proxmox\"]",
      "instances": [
        {
          "index_key": 1,
          "schema_version": 0,
          "attributes": {
            "additional_wait": 5,
            "agent": 0,
            "agent_timeout": 90,
            "args": "",
            "automatic_reboot": true,
            "balloon": 0,
            "bios": "seabios",
            "boot": "order=scsi0;net0",
            "bootdisk": "",
            "ci_wait": null,
            "cicustom": null,
            "cipassword": "",
            "ciupgrade": false,
            "ciuser": "",
            "clone": "debian12-template",
            "clone_id": null,
            "clone_wait": 10,
            "cores": 0,
            "cpu": [
              {
                "affinity": "",
                "cores": 2,
                "flags": [],
                "limit": 0,
                "numa": false,
                "sockets": 1,
                "type": "host",
                "units": 0,
                "vcores": 0
              }
            ],
            "cpu_type": "",
            "current_node": "Proxmox-Terraform",
            "default_ipv4_address": "",
            "default_ipv6_address": "",
            "define_connection_info": true,
            "desc": null,
            "description": "Managed by Terraform.",
            "disk": [
              {
                "asyncio": "",
                "backup": true,
                "cache": "",
                "discard": false,
                "disk_file": "",
                "emulatessd": false,
                "format": "raw",
                "id": 1,
                "iops_r_burst": 0,
                "iops_r_burst_length": 0,
                "iops_r_concurrent": 0,
                "iops_wr_burst": 0,
                "iops_wr_burst_length": 0,
                "iops_wr_concurrent": 0,
                "iothread": false,
                "iso": "",
                "linked_disk_id": -1,
                "mbps_r_burst": 0,
                "mbps_r_concurrent": 0,
                "mbps_wr_burst": 0,
                "mbps_wr_concurrent": 0,
                "passthrough": false,
                "readonly": false,
                "replicate": false,
                "serial": "",
                "size": "10G",
                "slot": "scsi0",
                "storage": "DATAS",
                "type": "disk",
                "wwn": ""
              }
            ],
            "disks": [],
            "efidisk": [],
            "force_create": false,
            "force_recreate_on_change_of": null,
            "full_clone": true,
            "hagroup": "",
            "hastate": "",
            "hostpci": [],
            "hotplug": "network,disk,usb",
            "id": "Proxmox-Terraform/qemu/401",
            "ipconfig0": null,
            "ipconfig1": null,
            "ipconfig10": null,
            "ipconfig11": null,
            "ipconfig12": null,
            "ipconfig13": null,
            "ipconfig14": null,
            "ipconfig15": null,
            "ipconfig2": null,
            "ipconfig3": null,
            "ipconfig4": null,
            "ipconfig5": null,
            "ipconfig6": null,
            "ipconfig7": null,
            "ipconfig8": null,
            "ipconfig9": null,
            "kvm": true,
            "linked_vmid": 0,
            "machine": "",
            "memory": 2048,
            "name": "debian-2",
            "nameserver": null,
            "network": [
              {
                "bridge": "vmbr0",
                "firewall": false,
                "id": 0,
                "link_down": false,
                "macaddr": "bc:24:11:28:0e:7d",
                "model": "virtio",
                "mtu": 0,
                "queues": 0,
                "rate": 0,
                "tag": 0
              }
            ],
            "numa": false,
            "onboot": false,
            "os_network_config": null,
            "os_type": null,
            "pci": [],
            "pcis": [],
            "pool": "",
            "protection": false,
            "pxe": null,
            "qemu_os": "l26",
            "reboot_required": false,
            "rng": [],
            "scsihw": "lsi",
            "searchdomain": null,
            "serial": [],
            "skip_ipv4": false,
            "skip_ipv6": false,
            "smbios": [
              {
                "family": "",
                "manufacturer": "",
                "product": "",
                "serial": "",
                "sku": "",
                "uuid": "0106e3d7-fdcd-43c4-91de-4c8046a5554a",
                "version": ""
              }
            ],
            "sockets": 0,
            "ssh_forward_ip": null,
            "ssh_host": "",
            "ssh_port": "22",
            "ssh_private_key": null,
            "ssh_user": null,
            "sshkeys": null,
            "startup": "",
            "tablet": true,
            "tags": " ",
            "target_node": "Proxmox-Terraform",
            "target_nodes": null,
            "timeouts": null,
            "tpm_state": [],
            "unused_disk": [],
            "usb": [],
            "usbs": [],
            "vcpus": 0,
            "vga": [],
            "vm_state": "running",
            "vmid": 401
          },
          "sensitive_attributes": [
            [
              {
                "type": "get_attr",
                "value": "cipassword"
              }
            ],
            [
              {
                "type": "get_attr",
                "value": "ssh_private_key"
              }
            ]
          ],
          "identity_schema_version": 0,
          "private": "eyJlMmJmYjczMC1lY2FhLTExZTYtOGY4OC0zNDM2M2JjN2M0YzAiOnsiY3JlYXRlIjoxMjAwMDAwMDAwMDAwLCJkZWZhdWx0IjoxMjAwMDAwMDAwMDAwLCJkZWxldGUiOjEyMDAwMDAwMDAwMDAsInJlYWQiOjEyMDAwMDAwMDAwMDAsInVwZGF0ZSI6MTIwMDAwMDAwMDAwMH19"
        },
        {
          "index_key": 2,
          "schema_version": 0,
          "attributes": {
            "additional_wait": 5,
            "agent": 0,
            "agent_timeout": 90,
            "args": "",
            "automatic_reboot": true,
            "balloon": 0,
            "bios": "seabios",
            "boot": "order=scsi0;net0",
            "bootdisk": "",
            "ci_wait": null,
            "cicustom": null,
            "cipassword": "",
            "ciupgrade": false,
            "ciuser": "",
            "clone": "debian12-template",
            "clone_id": null,
            "clone_wait": 10,
            "cores": 0,
            "cpu": [
              {
                "affinity": "",
                "cores": 2,
                "flags": [],
                "limit": 0,
                "numa": false,
                "sockets": 1,
                "type": "host",
                "units": 0,
                "vcores": 0
              }
            ],
            "cpu_type": "",
            "current_node": "Proxmox-Terraform",
            "default_ipv4_address": "",
            "default_ipv6_address": "",
            "define_connection_info": true,
            "desc": null,
            "description": "Managed by Terraform.",
            "disk": [
              {
                "asyncio": "",
                "backup": true,
                "cache": "",
                "discard": false,
                "disk_file": "",
                "emulatessd": false,
                "format": "raw",
                "id": 1,
                "iops_r_burst": 0,
                "iops_r_burst_length": 0,
                "iops_r_concurrent": 0,
                "iops_wr_burst": 0,
                "iops_wr_burst_length": 0,
                "iops_wr_concurrent": 0,
                "iothread": false,
                "iso": "",
                "linked_disk_id": -1,
                "mbps_r_burst": 0,
                "mbps_r_concurrent": 0,
                "mbps_wr_burst": 0,
                "mbps_wr_concurrent": 0,
                "passthrough": false,
                "readonly": false,
                "replicate": false,
                "serial": "",
                "size": "10G",
                "slot": "scsi0",
                "storage": "DATAS",
                "type": "disk",
                "wwn": ""
              }
            ],
            "disks": [],
            "efidisk": [],
            "force_create": false,
            "force_recreate_on_change_of": null,
            "full_clone": true,
            "hagroup": "",
            "hastate": "",
            "hostpci": [],
            "hotplug": "network,disk,usb",
            "id": "Proxmox-Terraform/qemu/402",
            "ipconfig0": null,
            "ipconfig1": null,
            "ipconfig10": null,
            "ipconfig11": null,
            "ipconfig12": null,
            "ipconfig13": null,
            "ipconfig14": null,
            "ipconfig15": null,
            "ipconfig2": null,
            "ipconfig3": null,
            "ipconfig4": null,
            "ipconfig5": null,
            "ipconfig6": null,
            "ipconfig7": null,
            "ipconfig8": null,
            "ipconfig9": null,
            "kvm": true,
            "linked_vmid": 0,
            "machine": "",
            "memory": 2048,
            "name": "debian-3",
            "nameserver": null,
            "network": [
              {
                "bridge": "vmbr0",
                "firewall": false,
                "id": 0,
                "link_down": false,
                "macaddr": "bc:24:11:a5:2e:0d",
                "model": "virtio",
                "mtu": 0,
                "queues": 0,
                "rate": 0,
                "tag": 0
              }
            ],
            "numa": false,
            "onboot": false,
            "os_network_config": null,
            "os_type": null,
            "pci": [],
            "pcis": [],
            "pool": "",
            "protection": false,
            "pxe": null,
            "qemu_os": "l26",
            "reboot_required": false,
            "rng": [],
            "scsihw": "lsi",
            "searchdomain": null,
            "serial": [],
            "skip_ipv4": false,
            "skip_ipv6": false,
            "smbios": [
              {
                "family": "",
                "manufacturer": "",
                "product": "",
                "serial": "",
                "sku": "",
                "uuid": "920aaae2-df68-42da-9079-19a028471080",
                "version": ""
              }
            ],
            "sockets": 0,
            "ssh_forward_ip": null,
            "ssh_host": "",
            "ssh_port": "22",
            "ssh_private_key": null,
            "ssh_user": null,
            "sshkeys": null,
            "startup": "",
            "tablet": true,
            "tags": " ",
            "target_node": "Proxmox-Terraform",
            "target_nodes": null,
            "timeouts": null,
            "tpm_state": [],
            "unused_disk": [],
            "usb": [],
            "usbs": [],
            "vcpus": 0,
            "vga": [],
            "vm_state": "running",
            "vmid": 402
          },
          "sensitive_attributes": [
            [
              {
                "type": "get_attr",
                "value": "cipassword"
              }
            ],
            [
              {
                "type": "get_attr",
                "value": "ssh_private_key"
              }
            ]
          ],
          "identity_schema_version": 0,
          "private": "eyJlMmJmYjczMC1lY2FhLTExZTYtOGY4OC0zNDM2M2JjN2M0YzAiOnsiY3JlYXRlIjoxMjAwMDAwMDAwMDAwLCJkZWZhdWx0IjoxMjAwMDAwMDAwMDAwLCJkZWxldGUiOjEyMDAwMDAwMDAwMDAsInJlYWQiOjEyMDAwMDAwMDAwMDAsInVwZGF0ZSI6MTIwMDAwMDAwMDAwMH19"
        },
        {
          "index_key": 3,
          "schema_version": 0,
          "attributes": {
            "additional_wait": 5,
            "agent": 0,
            "agent_timeout": 90,
            "args": "",
            "automatic_reboot": true,
            "balloon": 0,
            "bios": "seabios",
            "boot": "order=scsi0;net0",
            "bootdisk": "",
            "ci_wait": null,
            "cicustom": null,
            "cipassword": "",
            "ciupgrade": false,
            "ciuser": "",
            "clone": "debian12-template",
            "clone_id": null,
            "clone_wait": 10,
            "cores": 0,
            "cpu": [
              {
                "affinity": "",
                "cores": 2,
                "flags": [],
                "limit": 0,
                "numa": false,
                "sockets": 1,
                "type": "host",
                "units": 0,
                "vcores": 0
              }
            ],
            "cpu_type": "",
            "current_node": "Proxmox-Terraform",
            "default_ipv4_address": "",
            "default_ipv6_address": "",
            "define_connection_info": true,
            "desc": null,
            "description": "Managed by Terraform.",
            "disk": [
              {
                "asyncio": "",
                "backup": true,
                "cache": "",
                "discard": false,
                "disk_file": "",
                "emulatessd": false,
                "format": "raw",
                "id": 1,
                "iops_r_burst": 0,
                "iops_r_burst_length": 0,
                "iops_r_concurrent": 0,
                "iops_wr_burst": 0,
                "iops_wr_burst_length": 0,
                "iops_wr_concurrent": 0,
                "iothread": false,
                "iso": "",
                "linked_disk_id": -1,
                "mbps_r_burst": 0,
                "mbps_r_concurrent": 0,
                "mbps_wr_burst": 0,
                "mbps_wr_concurrent": 0,
                "passthrough": false,
                "readonly": false,
                "replicate": false,
                "serial": "",
                "size": "10G",
                "slot": "scsi0",
                "storage": "DATAS",
                "type": "disk",
                "wwn": ""
              }
            ],
            "disks": [],
            "efidisk": [],
            "force_create": false,
            "force_recreate_on_change_of": null,
            "full_clone": true,
            "hagroup": "",
            "hastate": "",
            "hostpci": [],
            "hotplug": "network,disk,usb",
            "id": "Proxmox-Terraform/qemu/403",
            "ipconfig0": null,
            "ipconfig1": null,
            "ipconfig10": null,
            "ipconfig11": null,
            "ipconfig12": null,
            "ipconfig13": null,
            "ipconfig14": null,
            "ipconfig15": null,
            "ipconfig2": null,
            "ipconfig3": null,
            "ipconfig4": null,
            "ipconfig5": null,
            "ipconfig6": null,
            "ipconfig7": null,
            "ipconfig8": null,
            "ipconfig9": null,
            "kvm": true,
            "linked_vmid": 0,
            "machine": "",
            "memory": 2048,
            "name": "debian-4",
            "nameserver": null,
            "network": [
              {
                "bridge": "vmbr0",
                "firewall": false,
                "id": 0,
                "link_down": false,
                "macaddr": "bc:24:11:d2:26:16",
                "model": "virtio",
                "mtu": 0,
                "queues": 0,
                "rate": 0,
                "tag": 0
              }
            ],
            "numa": false,
            "onboot": false,
            "os_network_config": null,
            "os_type": null,
            "pci": [],
            "pcis": [],
            "pool": "",
            "protection": false,
            "pxe": null,
            "qemu_os": "l26",
            "reboot_required": false,
            "rng": [],
            "scsihw": "lsi",
            "searchdomain": null,
            "serial": [],
            "skip_ipv4": false,
            "skip_ipv6": false,
            "smbios": [
              {
                "family": "",
                "manufacturer": "",
                "product": "",
                "serial": "",
                "sku": "",
                "uuid": "8ff4bb7a-f17e-40ba-bdd3-ebfef4814daa",
                "version": ""
              }
            ],
            "sockets": 0,
            "ssh_forward_ip": null,
            "ssh_host": "",
            "ssh_port": "22",
            "ssh_private_key": null,
            "ssh_user": null,
            "sshkeys": null,
            "startup": "",
            "tablet": true,
            "tags": " ",
            "target_node": "Proxmox-Terraform",
            "target_nodes": null,
            "timeouts": null,
            "tpm_state": [],
            "unused_disk": [],
            "usb": [],
            "usbs": [],
            "vcpus": 0,
            "vga": [],
            "vm_state": "running",
            "vmid": 403
          },
          "sensitive_attributes": [
            [
              {
                "type": "get_attr",
                "value": "cipassword"
              }
            ],
            [
              {
                "type": "get_attr",
                "value": "ssh_private_key"
              }
            ]
          ],
          "identity_schema_version": 0,
          "private": "eyJlMmJmYjczMC1lY2FhLTExZTYtOGY4OC0zNDM2M2JjN2M0YzAiOnsiY3JlYXRlIjoxMjAwMDAwMDAwMDAwLCJkZWZhdWx0IjoxMjAwMDAwMDAwMDAwLCJkZWxldGUiOjEyMDAwMDAwMDAwMDAsInJlYWQiOjEyMDAwMDAwMDAwMDAsInVwZGF0ZSI6MTIwMDAwMDAwMDAwMH19"
        },
        {
          "index_key": 4,
          "schema_version": 0,
          "attributes": {
            "additional_wait": 5,
            "agent": 0,
            "agent_timeout": 90,
            "args": "",
            "automatic_reboot": true,
            "balloon": 0,
            "bios": "seabios",
            "boot": "order=scsi0;net0",
            "bootdisk": "",
            "ci_wait": null,
            "cicustom": null,
            "cipassword": "",
            "ciupgrade": false,
            "ciuser": "",
            "clone": "debian12-template",
            "clone_id": null,
            "clone_wait": 10,
            "cores": 0,
            "cpu": [
              {
                "affinity": "",
                "cores": 2,
                "flags": [],
                "limit": 0,
                "numa": false,
                "sockets": 1,
                "type": "host",
                "units": 0,
                "vcores": 0
              }
            ],
            "cpu_type": "",
            "current_node": "Proxmox-Terraform",
            "default_ipv4_address": "",
            "default_ipv6_address": "",
            "define_connection_info": true,
            "desc": null,
            "description": "Managed by Terraform.",
            "disk": [
              {
                "asyncio": "",
                "backup": true,
                "cache": "",
                "discard": false,
                "disk_file": "",
                "emulatessd": false,
                "format": "raw",
                "id": 1,
                "iops_r_burst": 0,
                "iops_r_burst_length": 0,
                "iops_r_concurrent": 0,
                "iops_wr_burst": 0,
                "iops_wr_burst_length": 0,
                "iops_wr_concurrent": 0,
                "iothread": false,
                "iso": "",
                "linked_disk_id": -1,
                "mbps_r_burst": 0,
                "mbps_r_concurrent": 0,
                "mbps_wr_burst": 0,
                "mbps_wr_concurrent": 0,
                "passthrough": false,
                "readonly": false,
                "replicate": false,
                "serial": "",
                "size": "10G",
                "slot": "scsi0",
                "storage": "DATAS",
                "type": "disk",
                "wwn": ""
              }
            ],
            "disks": [],
            "efidisk": [],
            "force_create": false,
            "force_recreate_on_change_of": null,
            "full_clone": true,
            "hagroup": "",
            "hastate": "",
            "hostpci": [],
            "hotplug": "network,disk,usb",
            "id": "Proxmox-Terraform/qemu/404",
            "ipconfig0": null,
            "ipconfig1": null,
            "ipconfig10": null,
            "ipconfig11": null,
            "ipconfig12": null,
            "ipconfig13": null,
            "ipconfig14": null,
            "ipconfig15": null,
            "ipconfig2": null,
            "ipconfig3": null,
            "ipconfig4": null,
            "ipconfig5": null,
            "ipconfig6": null,
            "ipconfig7": null,
            "ipconfig8": null,
            "ipconfig9": null,
            "kvm": true,
            "linked_vmid": 0,
            "machine": "",
            "memory": 2048,
            "name": "debian-5",
            "nameserver": null,
            "network": [
              {
                "bridge": "vmbr0",
                "firewall": false,
                "id": 0,
                "link_down": false,
                "macaddr": "bc:24:11:99:27:0a",
                "model": "virtio",
                "mtu": 0,
                "queues": 0,
                "rate": 0,
                "tag": 0
              }
            ],
            "numa": false,
            "onboot": false,
            "os_network_config": null,
            "os_type": null,
            "pci": [],
            "pcis": [],
            "pool": "",
            "protection": false,
            "pxe": null,
            "qemu_os": "l26",
            "reboot_required": false,
            "rng": [],
            "scsihw": "lsi",
            "searchdomain": null,
            "serial": [],
            "skip_ipv4": false,
            "skip_ipv6": false,
            "smbios": [
              {
                "family": "",
                "manufacturer": "",
                "product": "",
                "serial": "",
                "sku": "",
                "uuid": "f042205c-3f7e-49f1-b7f6-034ccddbb961",
                "version": ""
              }
            ],
            "sockets": 0,
            "ssh_forward_ip": null,
            "ssh_host": "",
            "ssh_port": "22",
            "ssh_private_key": null,
            "ssh_user": null,
            "sshkeys": null,
            "startup": "",
            "tablet": true,
            "tags": " ",
            "target_node": "Proxmox-Terraform",
            "target_nodes": null,
            "timeouts": null,
            "tpm_state": [],
            "unused_disk": [],
            "usb": [],
            "usbs": [],
            "vcpus": 0,
            "vga": [],
            "vm_state": "running",
            "vmid": 404
          },
          "sensitive_attributes": [
            [
              {
                "type": "get_attr",
                "value": "cipassword"
              }
            ],
            [
              {
                "type": "get_attr",
                "value": "ssh_private_key"
              }
            ]
          ],
          "identity_schema_version": 0,
          "private": "eyJlMmJmYjczMC1lY2FhLTExZTYtOGY4OC0zNDM2M2JjN2M0YzAiOnsiY3JlYXRlIjoxMjAwMDAwMDAwMDAwLCJkZWZhdWx0IjoxMjAwMDAwMDAwMDAwLCJkZWxldGUiOjEyMDAwMDAwMDAwMDAsInJlYWQiOjEyMDAwMDAwMDAwMDAsInVwZGF0ZSI6MTIwMDAwMDAwMDAwMH19"
        }
      ]
    },
    {
      "mode": "managed",
      "type": "proxmox_vm_qemu",
      "name": "win11",
      "provider": "provider[\"registry.terraform.io/telmate/proxmox\"]",
      "instances": [
        {
          "index_key": 0,
          "schema_version": 0,
          "attributes": {
            "additional_wait": 5,
            "agent": 0,
            "agent_timeout": 90,
            "args": "",
            "automatic_reboot": true,
            "balloon": 0,
            "bios": "seabios",
            "boot": "order=net0",
            "bootdisk": "",
            "ci_wait": null,
            "cicustom": null,
            "cipassword": "",
            "ciupgrade": false,
            "ciuser": "",
            "clone": "win11-template",
            "clone_id": null,
            "clone_wait": 10,
            "cores": 0,
            "cpu": [
              {
                "affinity": "",
                "cores": 2,
                "flags": [],
                "limit": 0,
                "numa": false,
                "sockets": 1,
                "type": "host",
                "units": 0,
                "vcores": 0
              }
            ],
            "cpu_type": "",
            "current_node": "Proxmox-Terraform",
            "default_ipv4_address": "",
            "default_ipv6_address": "",
            "define_connection_info": true,
            "desc": null,
            "description": "Managed by Terraform.",
            "disk": [
              {
                "asyncio": "",
                "backup": true,
                "cache": "",
                "discard": false,
                "disk_file": "",
                "emulatessd": false,
                "format": "raw",
                "id": 3,
                "iops_r_burst": 0,
                "iops_r_burst_length": 0,
                "iops_r_concurrent": 0,
                "iops_wr_burst": 0,
                "iops_wr_burst_length": 0,
                "iops_wr_concurrent": 0,
                "iothread": false,
                "iso": "",
                "linked_disk_id": -1,
                "mbps_r_burst": 0,
                "mbps_r_concurrent": 0,
                "mbps_wr_burst": 0,
                "mbps_wr_concurrent": 0,
                "passthrough": false,
                "readonly": false,
                "replicate": false,
                "serial": "",
                "size": "50G",
                "slot": "scsi0",
                "storage": "DATAS",
                "type": "disk",
                "wwn": ""
              }
            ],
            "disks": [],
            "efidisk": [],
            "force_create": false,
            "force_recreate_on_change_of": null,
            "full_clone": true,
            "hagroup": "",
            "hastate": "",
            "hostpci": [],
            "hotplug": "network,disk,usb",
            "id": "Proxmox-Terraform/qemu/300",
            "ipconfig0": null,
            "ipconfig1": null,
            "ipconfig10": null,
            "ipconfig11": null,
            "ipconfig12": null,
            "ipconfig13": null,
            "ipconfig14": null,
            "ipconfig15": null,
            "ipconfig2": null,
            "ipconfig3": null,
            "ipconfig4": null,
            "ipconfig5": null,
            "ipconfig6": null,
            "ipconfig7": null,
            "ipconfig8": null,
            "ipconfig9": null,
            "kvm": true,
            "linked_vmid": 0,
            "machine": "pc-q35-10.0",
            "memory": 4096,
            "name": "win11-1",
            "nameserver": null,
            "network": [
              {
                "bridge": "vmbr0",
                "firewall": false,
                "id": 0,
                "link_down": false,
                "macaddr": "bc:24:11:ac:ab:8a",
                "model": "virtio",
                "mtu": 0,
                "queues": 0,
                "rate": 0,
                "tag": 0
              }
            ],
            "numa": false,
            "onboot": false,
            "os_network_config": null,
            "os_type": null,
            "pci": [],
            "pcis": [],
            "pool": "",
            "protection": false,
            "pxe": null,
            "qemu_os": "win11",
            "reboot_required": false,
            "rng": [],
            "scsihw": "lsi",
            "searchdomain": null,
            "serial": [],
            "skip_ipv4": false,
            "skip_ipv6": false,
            "smbios": [
              {
                "family": "",
                "manufacturer": "",
                "product": "",
                "serial": "",
                "sku": "",
                "uuid": "dd8896f7-87c9-4e89-a623-73fa801ff832",
                "version": ""
              }
            ],
            "sockets": 0,
            "ssh_forward_ip": null,
            "ssh_host": "",
            "ssh_port": "22",
            "ssh_private_key": null,
            "ssh_user": null,
            "sshkeys": null,
            "startup": "",
            "tablet": true,
            "tags": " ",
            "target_node": "Proxmox-Terraform",
            "target_nodes": null,
            "timeouts": null,
            "tpm_state": [],
            "unused_disk": [
              {
                "file": "300/vm-300-disk-1.qcow2",
                "slot": 0,
                "storage": "DATAS"
              }
            ],
            "usb": [],
            "usbs": [],
            "vcpus": 0,
            "vga": [],
            "vm_state": "running",
            "vmid": 300
          },
          "sensitive_attributes": [
            [
              {
                "type": "get_attr",
                "value": "cipassword"
              }
            ],
            [
              {
                "type": "get_attr",
                "value": "ssh_private_key"
              }
            ]
          ],
          "identity_schema_version": 0,
          "private": "eyJlMmJmYjczMC1lY2FhLTExZTYtOGY4OC0zNDM2M2JjN2M0YzAiOnsiY3JlYXRlIjoxMjAwMDAwMDAwMDAwLCJkZWZhdWx0IjoxMjAwMDAwMDAwMDAwLCJkZWxldGUiOjEyMDAwMDAwMDAwMDAsInJlYWQiOjEyMDAwMDAwMDAwMDAsInVwZGF0ZSI6MTIwMDAwMDAwMDAwMH19"
        },
        {
          "index_key": 1,
          "schema_version": 0,
          "attributes": {
            "additional_wait": 5,
            "agent": 0,
            "agent_timeout": 90,
            "args": "",
            "automatic_reboot": true,
            "balloon": 0,
            "bios": "seabios",
            "boot": "order=net0",
            "bootdisk": "",
            "ci_wait": null,
            "cicustom": null,
            "cipassword": "",
            "ciupgrade": false,
            "ciuser": "",
            "clone": "win11-template",
            "clone_id": null,
            "clone_wait": 10,
            "cores": 0,
            "cpu": [
              {
                "affinity": "",
                "cores": 2,
                "flags": [],
                "limit": 0,
                "numa": false,
                "sockets": 1,
                "type": "host",
                "units": 0,
                "vcores": 0
              }
            ],
            "cpu_type": "",
            "current_node": "Proxmox-Terraform",
            "default_ipv4_address": "",
            "default_ipv6_address": "",
            "define_connection_info": true,
            "desc": null,
            "description": "Managed by Terraform.",
            "disk": [
              {
                "asyncio": "",
                "backup": true,
                "cache": "",
                "discard": false,
                "disk_file": "",
                "emulatessd": false,
                "format": "raw",
                "id": 3,
                "iops_r_burst": 0,
                "iops_r_burst_length": 0,
                "iops_r_concurrent": 0,
                "iops_wr_burst": 0,
                "iops_wr_burst_length": 0,
                "iops_wr_concurrent": 0,
                "iothread": false,
                "iso": "",
                "linked_disk_id": -1,
                "mbps_r_burst": 0,
                "mbps_r_concurrent": 0,
                "mbps_wr_burst": 0,
                "mbps_wr_concurrent": 0,
                "passthrough": false,
                "readonly": false,
                "replicate": false,
                "serial": "",
                "size": "50G",
                "slot": "scsi0",
                "storage": "DATAS",
                "type": "disk",
                "wwn": ""
              }
            ],
            "disks": [],
            "efidisk": [],
            "force_create": false,
            "force_recreate_on_change_of": null,
            "full_clone": true,
            "hagroup": "",
            "hastate": "",
            "hostpci": [],
            "hotplug": "network,disk,usb",
            "id": "Proxmox-Terraform/qemu/301",
            "ipconfig0": null,
            "ipconfig1": null,
            "ipconfig10": null,
            "ipconfig11": null,
            "ipconfig12": null,
            "ipconfig13": null,
            "ipconfig14": null,
            "ipconfig15": null,
            "ipconfig2": null,
            "ipconfig3": null,
            "ipconfig4": null,
            "ipconfig5": null,
            "ipconfig6": null,
            "ipconfig7": null,
            "ipconfig8": null,
            "ipconfig9": null,
            "kvm": true,
            "linked_vmid": 0,
            "machine": "pc-q35-10.0",
            "memory": 4096,
            "name": "win11-2",
            "nameserver": null,
            "network": [
              {
                "bridge": "vmbr0",
                "firewall": false,
                "id": 0,
                "link_down": false,
                "macaddr": "bc:24:11:ec:4f:53",
                "model": "virtio",
                "mtu": 0,
                "queues": 0,
                "rate": 0,
                "tag": 0
              }
            ],
            "numa": false,
            "onboot": false,
            "os_network_config": null,
            "os_type": null,
            "pci": [],
            "pcis": [],
            "pool": "",
            "protection": false,
            "pxe": null,
            "qemu_os": "win11",
            "reboot_required": false,
            "rng": [],
            "scsihw": "lsi",
            "searchdomain": null,
            "serial": [],
            "skip_ipv4": false,
            "skip_ipv6": false,
            "smbios": [
              {
                "family": "",
                "manufacturer": "",
                "product": "",
                "serial": "",
                "sku": "",
                "uuid": "a2204a70-870b-4910-9782-cc00ca602fc1",
                "version": ""
              }
            ],
            "sockets": 0,
            "ssh_forward_ip": null,
            "ssh_host": "",
            "ssh_port": "22",
            "ssh_private_key": null,
            "ssh_user": null,
            "sshkeys": null,
            "startup": "",
            "tablet": true,
            "tags": " ",
            "target_node": "Proxmox-Terraform",
            "target_nodes": null,
            "timeouts": null,
            "tpm_state": [],
            "unused_disk": [
              {
                "file": "301/vm-301-disk-1.qcow2",
                "slot": 0,
                "storage": "DATAS"
              }
            ],
            "usb": [],
            "usbs": [],
            "vcpus": 0,
            "vga": [],
            "vm_state": "running",
            "vmid": 301
          },
          "sensitive_attributes": [
            [
              {
                "type": "get_attr",
                "value": "cipassword"
              }
            ],
            [
              {
                "type": "get_attr",
                "value": "ssh_private_key"
              }
            ]
          ],
          "identity_schema_version": 0,
          "private": "eyJlMmJmYjczMC1lY2FhLTExZTYtOGY4OC0zNDM2M2JjN2M0YzAiOnsiY3JlYXRlIjoxMjAwMDAwMDAwMDAwLCJkZWZhdWx0IjoxMjAwMDAwMDAwMDAwLCJkZWxldGUiOjEyMDAwMDAwMDAwMDAsInJlYWQiOjEyMDAwMDAwMDAwMDAsInVwZGF0ZSI6MTIwMDAwMDAwMDAwMH19"
        }
      ]
    }
  ],
  "check_results": null
}
